
Microsoft Visual Studio Solution File, Format Version 12.00
# Visual Studio Version 17
VisualStudioVersion = 17.3.32929.385
MinimumVisualStudioVersion = 10.0.40219.1
Project("{FAE04EC0-301F-11D3-BF4B-00C04F79EFBC}") = "pr_3", "pr_3\pr_3.csproj", "{4DB72D5B-DFA8-4264-96DF-92FEE9B4BD6A}"
EndProject
Project("{FAE04EC0-301F-11D3-BF4B-00C04F79EFBC}") = "HashPassword", "HashPassword\HashPassword.csproj", "{6280D7D9-89A9-4FAF-BCD1-6B26026609FA}"
EndProject
Project("{FAE04EC0-301F-11D3-BF4B-00C04F79EFBC}") = "console_pr3", "console_pr3\console_pr3.csproj", "{0546398E-FB73-4A42-BDED-9F5C9843F718}"
EndProject
Global
	GlobalSection(SolutionConfigurationPlatforms) = preSolution
		Debug|Any CPU = Debug|Any CPU
		Release|Any CPU = Release|Any CPU
	EndGlobalSection
	GlobalSection(ProjectConfigurationPlatforms) = postSolution
		{4DB72D5B-DFA8-4264-96DF-92FEE9B4BD6A}.Debug|Any CPU.ActiveCfg = Debug|Any CPU
		{4DB72D5B-DFA8-4264-96DF-92FEE9B4BD6A}.Debug|Any CPU.Build.0 = Debug|Any CPU
		{4DB72D5B-DFA8-4264-96DF-92FEE9B4BD6A}.Release|Any CPU.ActiveCfg = Release|Any CPU
		{4DB72D5B-DFA8-4264-96DF-92FEE9B4BD6A}.Release|Any CPU.Build.0 = Release|Any CPU
		{6280D7D9-89A9-4FAF-BCD1-6B26026609FA}.Debug|Any CPU.ActiveCfg = Debug|Any CPU
		{6280D7D9-89A9-4FAF-BCD1-6B26026609FA}.Debug|Any CPU.Build.0 = Debug|Any CPU
		{6280D7D9-89A9-4FAF-BCD1-6B26026609FA}.Release|Any CPU.ActiveCfg = Release|Any CPU
		{6280D7D9-89A9-4FAF-BCD1-6B26026609FA}.Release|Any CPU.Build.0 = Release|Any CPU
		{0546398E-FB73-4A42-BDED-9F5C9843F718}.Debug|Any CPU.ActiveCfg = Debug|Any CPU
		{0546398E-FB73-4A42-BDED-9F5C9843F718}.Debug|Any CPU.Build.0 = Debug|Any CPU
		{0546398E-FB73-4A42-BDED-9F5C9843F718}.Release|Any CPU.ActiveCfg = Release|Any CPU
		{0546398E-FB73-4A42-BDED-9F5C9843F718}.Release|Any CPU.Build.0 = Release|Any CPU
	EndGlobalSection
	GlobalSection(SolutionProperties) = preSolution
		HideSolutionNode = FALSE
	EndGlobalSection
	GlobalSection(ExtensibilityGlobals) = postSolution
		SolutionGuid = {CF44AFDE-5077-4984-BDBE-0A18FF7BFC60}
	EndGlobalSection
EndGlobal
